// !$*UTF8*$!
{
	archiveVersion = 1;
	classes = {
	};
	objectVersion = 46;
	objects = {

/* Begin PBXBuildFile section */
		1DDD582D0DA1D0D100B32029 /* MainMenu.xib in Resources */ = {isa = PBXBuildFile; fileRef = 1DDD582A0DA1D0D100B32029 /* MainMenu.xib */; };
		8D15AC2C0486D014006FF6A4 /* Credits.rtf in Resources */ = {isa = PBXBuildFile; fileRef = 2A37F4B9FDCFA73011CA2CEA /* Credits.rtf */; };
		8D15AC2F0486D014006FF6A4 /* InfoPlist.strings in Resources */ = {isa = PBXBuildFile; fileRef = 089C165FFE840EACC02AAC07 /* InfoPlist.strings */; };
		8D15AC320486D014006FF6A4 /* main.m in Sources */ = {isa = PBXBuildFile; fileRef = 2A37F4B0FDCFA73011CA2CEA /* main.m */; settings = {ATTRIBUTES = (); }; };
		8D15AC340486D014006FF6A4 /* Cocoa.framework in Frameworks */ = {isa = PBXBuildFile; fileRef = 1058C7A7FEA54F5311CA2CBB /* Cocoa.framework */; };
		C153329A1CCD255000C67A97 /* CHMImageViewPopUpButton.m in Sources */ = {isa = PBXBuildFile; fileRef = C15332991CCD255000C67A97 /* CHMImageViewPopUpButton.m */; };
		C15332A01CCD4CFB00C67A97 /* view.png in Resources */ = {isa = PBXBuildFile; fileRef = C153329F1CCD4CFB00C67A97 /* view.png */; };
		C18399691CD00820009FDCDE /* PSMTabBarControl.framework in Frameworks */ = {isa = PBXBuildFile; fileRef = C18399641CD00747009FDCDE /* PSMTabBarControl.framework */; };
		C183996A1CD0083A009FDCDE /* PSMTabBarControl.framework in Copy Frameworks */ = {isa = PBXBuildFile; fileRef = C18399641CD00747009FDCDE /* PSMTabBarControl.framework */; settings = {ATTRIBUTES = (CodeSignOnCopy, RemoveHeadersOnCopy, ); }; };
		C186221E1C8F42DF00C1DD80 /* CHM.framework in Copy Frameworks */ = {isa = PBXBuildFile; fileRef = C186221B1C8F41F400C1DD80 /* CHM.framework */; settings = {ATTRIBUTES = (CodeSignOnCopy, RemoveHeadersOnCopy, ); }; };
		C186221F1C8F432300C1DD80 /* CHM.framework in Frameworks */ = {isa = PBXBuildFile; fileRef = C186221B1C8F41F400C1DD80 /* CHM.framework */; };
		C186223E1C8F574200C1DD80 /* CHM.mdimporter in Copy CHM.mdimporter */ = {isa = PBXBuildFile; fileRef = C18622321C8F550C00C1DD80 /* CHM.mdimporter */; settings = {ATTRIBUTES = (CodeSignOnCopy, RemoveHeadersOnCopy, ); }; };
		C1C31ACF1CBDA789000F2B96 /* CHM.qlgenerator in Copy CHM.qlgenerator */ = {isa = PBXBuildFile; fileRef = C1C31AAD1CBD9876000F2B96 /* CHM.qlgenerator */; settings = {ATTRIBUTES = (CodeSignOnCopy, RemoveHeadersOnCopy, ); }; };
		C1CFFB341CE3FB3100DDAAF3 /* CHMArchiveItem.h in Headers */ = {isa = PBXBuildFile; fileRef = C1CFFB321CE3FB3100DDAAF3 /* CHMArchiveItem.h */; settings = {ATTRIBUTES = (Public, ); }; };
		C1CFFB351CE3FB3100DDAAF3 /* CHMArchiveItem.m in Sources */ = {isa = PBXBuildFile; fileRef = C1CFFB331CE3FB3100DDAAF3 /* CHMArchiveItem.m */; };
		C1D4A34D1CDE540E00E94D01 /* CHMKitPrivateInterfaces.m in Sources */ = {isa = PBXBuildFile; fileRef = C1DA9F4A1CDA9BF700FE354F /* CHMKitPrivateInterfaces.m */; };
		C1DA9EEC1CD9668C00FE354F /* CHMKit.h in Headers */ = {isa = PBXBuildFile; fileRef = C1DA9EEB1CD9668C00FE354F /* CHMKit.h */; settings = {ATTRIBUTES = (Public, ); }; };
		C1DA9EF01CD9668C00FE354F /* CHMKit.framework in Frameworks */ = {isa = PBXBuildFile; fileRef = C1DA9EE91CD9668C00FE354F /* CHMKit.framework */; };
		C1DA9EF11CD9668C00FE354F /* CHMKit.framework in Copy Frameworks */ = {isa = PBXBuildFile; fileRef = C1DA9EE91CD9668C00FE354F /* CHMKit.framework */; settings = {ATTRIBUTES = (CodeSignOnCopy, RemoveHeadersOnCopy, ); }; };
		C1DA9EFD1CD9688600FE354F /* CHMDocumentFile.h in Headers */ = {isa = PBXBuildFile; fileRef = C12CE0341CC1798300970809 /* CHMDocumentFile.h */; settings = {ATTRIBUTES = (Public, ); }; };
		C1DA9EFE1CD9688600FE354F /* CHMDocumentFile.m in Sources */ = {isa = PBXBuildFile; fileRef = C12CE0351CC1798300970809 /* CHMDocumentFile.m */; };
		C1DA9EFF1CD9688600FE354F /* lcid.h in Headers */ = {isa = PBXBuildFile; fileRef = C3E9715D0E4BEAA000B7B36D /* lcid.h */; };
		C1DA9F001CD9688600FE354F /* CHMTableOfContents.h in Headers */ = {isa = PBXBuildFile; fileRef = C3A79CC10E30438B00FF4485 /* CHMTableOfContents.h */; settings = {ATTRIBUTES = (Public, ); }; };
		C1DA9F011CD9688600FE354F /* CHMTableOfContents.m in Sources */ = {isa = PBXBuildFile; fileRef = C3A79CC20E30438B00FF4485 /* CHMTableOfContents.m */; };
		C1DA9F021CD9688600FE354F /* CHMITSSURLProtocol.h in Headers */ = {isa = PBXBuildFile; fileRef = C3DB25280E2DD49F000E5A20 /* CHMITSSURLProtocol.h */; settings = {ATTRIBUTES = (Public, ); }; };
		C1DA9F031CD9688600FE354F /* CHMITSSURLProtocol.m in Sources */ = {isa = PBXBuildFile; fileRef = C3DB25290E2DD49F000E5A20 /* CHMITSSURLProtocol.m */; };
		C1DA9F041CD9688600FE354F /* CHMLinkItem.h in Headers */ = {isa = PBXBuildFile; fileRef = C14A60171CC6C43900B868C6 /* CHMLinkItem.h */; settings = {ATTRIBUTES = (Public, ); }; };
		C1DA9F051CD9688600FE354F /* CHMLinkItem.m in Sources */ = {isa = PBXBuildFile; fileRef = C14A60181CC6C43900B868C6 /* CHMLinkItem.m */; };
		C1DA9F061CD9688600FE354F /* CHMSearchResult.h in Headers */ = {isa = PBXBuildFile; fileRef = C195099D1CD1782600288A26 /* CHMSearchResult.h */; settings = {ATTRIBUTES = (Public, ); }; };
		C1DA9F071CD9688600FE354F /* CHMSearchResult.m in Sources */ = {isa = PBXBuildFile; fileRef = C195099E1CD1782600288A26 /* CHMSearchResult.m */; };
		C1DA9F081CD9692100FE354F /* CHM.framework in Frameworks */ = {isa = PBXBuildFile; fileRef = C186221B1C8F41F400C1DD80 /* CHM.framework */; };
		C1DA9F091CD96E2500FE354F /* Foundation.framework in Frameworks */ = {isa = PBXBuildFile; fileRef = 2A37F4C5FDCFA73011CA2CEA /* Foundation.framework */; };
		C1DA9F0B1CD96E3C00FE354F /* CoreServices.framework in Frameworks */ = {isa = PBXBuildFile; fileRef = C1DA9F0A1CD96E3C00FE354F /* CoreServices.framework */; };
		C1DA9F481CDA99F700FE354F /* CHMKitPrivateInterfaces.h in Headers */ = {isa = PBXBuildFile; fileRef = C1DA9F411CDA98EC00FE354F /* CHMKitPrivateInterfaces.h */; };
		C30F2B2F0E42135C003A17A7 /* home.png in Resources */ = {isa = PBXBuildFile; fileRef = C30F2B2E0E42135C003A17A7 /* home.png */; };
		C33A4ABB0E34E92D00277D64 /* CHMDocument.m in Sources */ = {isa = PBXBuildFile; fileRef = C33A4ABA0E34E92D00277D64 /* CHMDocument.m */; };
		C33A4AE10E34EA7700277D64 /* CHMDocument.xib in Resources */ = {isa = PBXBuildFile; fileRef = C33A4ADF0E34EA7700277D64 /* CHMDocument.xib */; };
		C33BB2050E46DA100026F435 /* ichm_file.icns in Resources */ = {isa = PBXBuildFile; fileRef = C33BB2040E46DA100026F435 /* ichm_file.icns */; };
		C33D3ACA0E4F05E500F7B487 /* Bookmarks.xcdatamodel in Sources */ = {isa = PBXBuildFile; fileRef = C33D3AC90E4F05E500F7B487 /* Bookmarks.xcdatamodel */; };
		C33D3AD80E4F1E3800F7B487 /* CHMFile.m in Sources */ = {isa = PBXBuildFile; fileRef = C33D3AD30E4F1E3800F7B487 /* CHMFile.m */; };
		C33D3AD90E4F1E3800F7B487 /* CHMTag.m in Sources */ = {isa = PBXBuildFile; fileRef = C33D3AD50E4F1E3800F7B487 /* CHMTag.m */; };
		C33D3B0E0E4F245600F7B487 /* BookmarkController.m in Sources */ = {isa = PBXBuildFile; fileRef = C33D3B0D0E4F245600F7B487 /* BookmarkController.m */; };
		C33DE50B0E40A651009FF1F4 /* ichm.css in Resources */ = {isa = PBXBuildFile; fileRef = C33DE50A0E40A651009FF1F4 /* ichm.css */; };
		C33DE67D0E40C40A009FF1F4 /* highlight.js in Resources */ = {isa = PBXBuildFile; fileRef = C33DE67B0E40C40A009FF1F4 /* highlight.js */; };
		C346DF070E530E8B00A76373 /* Sparkle.framework in Frameworks */ = {isa = PBXBuildFile; fileRef = C346DF060E530E8B00A76373 /* Sparkle.framework */; };
		C346DF0B0E530E9E00A76373 /* Sparkle.framework in Copy Frameworks */ = {isa = PBXBuildFile; fileRef = C346DF060E530E8B00A76373 /* Sparkle.framework */; settings = {ATTRIBUTES = (CodeSignOnCopy, ); }; };
		C35B99FA0E39C23400A63BC3 /* redbird.icns in Resources */ = {isa = PBXBuildFile; fileRef = C35B99F90E39C23400A63BC3 /* redbird.icns */; };
		C36FD4240E482D3800496822 /* CHMWebView.xib in Resources */ = {isa = PBXBuildFile; fileRef = C36FD4230E482D3800496822 /* CHMWebView.xib */; };
		C36FD52C0E48403F00496822 /* Localizable.strings in Resources */ = {isa = PBXBuildFile; fileRef = C36FD52B0E48403F00496822 /* Localizable.strings */; };
		C3907F3D0EC005430018AA80 /* Quartz.framework in Frameworks */ = {isa = PBXBuildFile; fileRef = C3907F3C0EC005430018AA80 /* Quartz.framework */; };
		C3907F690EC005B30018AA80 /* ApplicationServices.framework in Frameworks */ = {isa = PBXBuildFile; fileRef = C3907F680EC005B30018AA80 /* ApplicationServices.framework */; };
		C390802E0EC027070018AA80 /* CHMWebView.m in Sources */ = {isa = PBXBuildFile; fileRef = C390802D0EC027070018AA80 /* CHMWebView.m */; };
		C390817B0EC0A4EC0018AA80 /* CHMExporter.m in Sources */ = {isa = PBXBuildFile; fileRef = C390817A0EC0A4EC0018AA80 /* CHMExporter.m */; };
		C3AA9B220E3EC8A200D2FB53 /* CHMWebViewController.m in Sources */ = {isa = PBXBuildFile; fileRef = C3AA9B210E3EC8A200D2FB53 /* CHMWebViewController.m */; };
		C3BF8BA00E4FDD7200AE3BEE /* CHMBookmark.m in Sources */ = {isa = PBXBuildFile; fileRef = C3BF8B9F0E4FDD7200AE3BEE /* CHMBookmark.m */; };
		C3C082250E4557E700D58E19 /* TB_Sidebar.png in Resources */ = {isa = PBXBuildFile; fileRef = C3C082240E4557E700D58E19 /* TB_Sidebar.png */; };
		C3D2046B0E53EFAF00D5CA58 /* Bookmark.xib in Resources */ = {isa = PBXBuildFile; fileRef = C3D2046A0E53EFAF00D5CA58 /* Bookmark.xib */; };
		C3D5D3350E5159D5007C51BD /* BookmarkView.m in Sources */ = {isa = PBXBuildFile; fileRef = C3D5D3340E5159D5007C51BD /* BookmarkView.m */; };
		C3D6EE0B0E3D9E5C00A823A2 /* CHMOutlineView.m in Sources */ = {isa = PBXBuildFile; fileRef = C3D6EE0A0E3D9E5C00A823A2 /* CHMOutlineView.m */; };
		C3DB24CE0E2DB849000E5A20 /* WebKit.framework in Frameworks */ = {isa = PBXBuildFile; fileRef = C3DB24CD0E2DB849000E5A20 /* WebKit.framework */; };
		C3DB252F0E2DD646000E5A20 /* CHMAppController.m in Sources */ = {isa = PBXBuildFile; fileRef = C3DB252E0E2DD646000E5A20 /* CHMAppController.m */; };
		C3ED1DA00E43106D00C1B93A /* textEncodings.plist in Resources */ = {isa = PBXBuildFile; fileRef = C3ED1D9F0E43106D00C1B93A /* textEncodings.plist */; };
/* End PBXBuildFile section */

/* Begin PBXContainerItemProxy section */
		C17B9C2E1CB18C06002DD0D2 /* PBXContainerItemProxy */ = {
			isa = PBXContainerItemProxy;
			containerPortal = C18622161C8F41F400C1DD80 /* CHM Framework.xcodeproj */;
			proxyType = 2;
			remoteGlobalIDString = C1083EFC1C934DEF00129D9C;
			remoteInfo = test;
		};
		C17B9C301CB18C06002DD0D2 /* PBXContainerItemProxy */ = {
			isa = PBXContainerItemProxy;
			containerPortal = C18622161C8F41F400C1DD80 /* CHM Framework.xcodeproj */;
			proxyType = 2;
			remoteGlobalIDString = C1083F151C934EEA00129D9C;
			remoteInfo = enum_chmLib;
		};
		C17B9C321CB18C06002DD0D2 /* PBXContainerItemProxy */ = {
			isa = PBXContainerItemProxy;
			containerPortal = C18622161C8F41F400C1DD80 /* CHM Framework.xcodeproj */;
			proxyType = 2;
			remoteGlobalIDString = C1083F221C934F9000129D9C;
			remoteInfo = extract_chmLib;
		};
		C17B9C341CB18C06002DD0D2 /* PBXContainerItemProxy */ = {
			isa = PBXContainerItemProxy;
			containerPortal = C18622161C8F41F400C1DD80 /* CHM Framework.xcodeproj */;
			proxyType = 2;
			remoteGlobalIDString = C1083F2E1C934FB100129D9C;
			remoteInfo = chm_http;
		};
		C18399631CD00747009FDCDE /* PBXContainerItemProxy */ = {
			isa = PBXContainerItemProxy;
			containerPortal = C183995D1CD00747009FDCDE /* PSMTabBarControl.xcodeproj */;
			proxyType = 2;
			remoteGlobalIDString = 53DF68FD067E5B5A0090B5B0;
			remoteInfo = PSMTabBarControlFramework;
		};
		C18399651CD00747009FDCDE /* PBXContainerItemProxy */ = {
			isa = PBXContainerItemProxy;
			containerPortal = C183995D1CD00747009FDCDE /* PSMTabBarControl.xcodeproj */;
			proxyType = 2;
			remoteGlobalIDString = 8BD4395A1185147D00DB4AC3;
			remoteInfo = PSMTabBarControlDemo;
		};
		C18399671CD007F9009FDCDE /* PBXContainerItemProxy */ = {
			isa = PBXContainerItemProxy;
			containerPortal = C183995D1CD00747009FDCDE /* PSMTabBarControl.xcodeproj */;
			proxyType = 1;
			remoteGlobalIDString = 53DF68FC067E5B5A0090B5B0;
			remoteInfo = PSMTabBarControlFramework;
		};
		C186221A1C8F41F400C1DD80 /* PBXContainerItemProxy */ = {
			isa = PBXContainerItemProxy;
			containerPortal = C18622161C8F41F400C1DD80 /* CHM Framework.xcodeproj */;
			proxyType = 2;
			remoteGlobalIDString = 8DC2EF5B0486A6940098B216;
			remoteInfo = CHM.framework;
		};
		C186221C1C8F42C700C1DD80 /* PBXContainerItemProxy */ = {
			isa = PBXContainerItemProxy;
			containerPortal = C18622161C8F41F400C1DD80 /* CHM Framework.xcodeproj */;
			proxyType = 1;
			remoteGlobalIDString = 8DC2EF4F0486A6940098B216;
			remoteInfo = CHM.framework;
		};
		C18622311C8F550C00C1DD80 /* PBXContainerItemProxy */ = {
			isa = PBXContainerItemProxy;
			containerPortal = C186222C1C8F550C00C1DD80 /* CHM Spotlight Importer.xcodeproj */;
			proxyType = 2;
			remoteGlobalIDString = 8D576316048677EA00EA77CD;
			remoteInfo = CHM.mdimporter;
		};
		C186223C1C8F573000C1DD80 /* PBXContainerItemProxy */ = {
			isa = PBXContainerItemProxy;
			containerPortal = C186222C1C8F550C00C1DD80 /* CHM Spotlight Importer.xcodeproj */;
			proxyType = 1;
			remoteGlobalIDString = 8D57630D048677EA00EA77CD;
			remoteInfo = CHM.mdimporter;
		};
		C1C31AAC1CBD9876000F2B96 /* PBXContainerItemProxy */ = {
			isa = PBXContainerItemProxy;
			containerPortal = C1C31AA81CBD9876000F2B96 /* quickchm.xcodeproj */;
			proxyType = 2;
			remoteGlobalIDString = 8D576316048677EA00EA77CD;
			remoteInfo = quickchm;
		};
		C1C31AC71CBDA720000F2B96 /* PBXContainerItemProxy */ = {
			isa = PBXContainerItemProxy;
			containerPortal = C1C31AA81CBD9876000F2B96 /* quickchm.xcodeproj */;
			proxyType = 1;
			remoteGlobalIDString = 8D57630D048677EA00EA77CD;
			remoteInfo = CHM.qlgenerator;
		};
		C1DA9EEE1CD9668C00FE354F /* PBXContainerItemProxy */ = {
			isa = PBXContainerItemProxy;
			containerPortal = 2A37F4A9FDCFA73011CA2CEA /* Project object */;
			proxyType = 1;
			remoteGlobalIDString = C1DA9EE81CD9668C00FE354F;
			remoteInfo = CHMKit;
		};
		C1DA9EFB1CD9686700FE354F /* PBXContainerItemProxy */ = {
			isa = PBXContainerItemProxy;
			containerPortal = C18622161C8F41F400C1DD80 /* CHM Framework.xcodeproj */;
			proxyType = 1;
			remoteGlobalIDString = 8DC2EF4F0486A6940098B216;
			remoteInfo = CHM.framework;
		};
/* End PBXContainerItemProxy section */

/* Begin PBXCopyFilesBuildPhase section */
		C18622111C8E331000C1DD80 /* Copy CHM.mdimporter */ = {
			isa = PBXCopyFilesBuildPhase;
			buildActionMask = 2147483647;
			dstPath = Contents/Library/Spotlight;
			dstSubfolderSpec = 1;
			files = (
				C186223E1C8F574200C1DD80 /* CHM.mdimporter in Copy CHM.mdimporter */,
			);
			name = "Copy CHM.mdimporter";
			runOnlyForDeploymentPostprocessing = 0;
		};
		C1C31ACE1CBDA749000F2B96 /* Copy CHM.qlgenerator */ = {
			isa = PBXCopyFilesBuildPhase;
			buildActionMask = 2147483647;
			dstPath = Contents/Library/QuickLook;
			dstSubfolderSpec = 1;
			files = (
				C1C31ACF1CBDA789000F2B96 /* CHM.qlgenerator in Copy CHM.qlgenerator */,
			);
			name = "Copy CHM.qlgenerator";
			runOnlyForDeploymentPostprocessing = 0;
		};
		C35B9BE70E39E4AB00A63BC3 /* Copy Frameworks */ = {
			isa = PBXCopyFilesBuildPhase;
			buildActionMask = 2147483647;
			dstPath = "";
			dstSubfolderSpec = 10;
			files = (
				C1DA9EF11CD9668C00FE354F /* CHMKit.framework in Copy Frameworks */,
				C186221E1C8F42DF00C1DD80 /* CHM.framework in Copy Frameworks */,
				C346DF0B0E530E9E00A76373 /* Sparkle.framework in Copy Frameworks */,
				C183996A1CD0083A009FDCDE /* PSMTabBarControl.framework in Copy Frameworks */,
			);
			name = "Copy Frameworks";
			runOnlyForDeploymentPostprocessing = 0;
		};
/* End PBXCopyFilesBuildPhase section */

/* Begin PBXFileReference section */
		089C1660FE840EACC02AAC07 /* English */ = {isa = PBXFileReference; fileEncoding = 10; lastKnownFileType = text.plist.strings; name = English; path = English.lproj/InfoPlist.strings; sourceTree = "<group>"; };
		1058C7A7FEA54F5311CA2CBB /* Cocoa.framework */ = {isa = PBXFileReference; lastKnownFileType = wrapper.framework; name = Cocoa.framework; path = System/Library/Frameworks/Cocoa.framework; sourceTree = SDKROOT; };
		13E42FBA07B3F13500E4EEF1 /* CoreData.framework */ = {isa = PBXFileReference; lastKnownFileType = wrapper.framework; name = CoreData.framework; path = System/Library/Frameworks/CoreData.framework; sourceTree = SDKROOT; };
		1DDD582B0DA1D0D100B32029 /* English */ = {isa = PBXFileReference; lastKnownFileType = file.xib; name = English; path = English.lproj/MainMenu.xib; sourceTree = "<group>"; };
		2A37F4B0FDCFA73011CA2CEA /* main.m */ = {isa = PBXFileReference; fileEncoding = 4; lastKnownFileType = sourcecode.c.objc; path = main.m; sourceTree = "<group>"; };
		2A37F4BAFDCFA73011CA2CEA /* English */ = {isa = PBXFileReference; lastKnownFileType = text.rtf; name = English; path = English.lproj/Credits.rtf; sourceTree = "<group>"; };
		2A37F4C4FDCFA73011CA2CEA /* AppKit.framework */ = {isa = PBXFileReference; lastKnownFileType = wrapper.framework; name = AppKit.framework; path = System/Library/Frameworks/AppKit.framework; sourceTree = SDKROOT; };
		2A37F4C5FDCFA73011CA2CEA /* Foundation.framework */ = {isa = PBXFileReference; lastKnownFileType = wrapper.framework; name = Foundation.framework; path = System/Library/Frameworks/Foundation.framework; sourceTree = SDKROOT; };
		32DBCF750370BD2300C91783 /* ichm_Prefix.pch */ = {isa = PBXFileReference; fileEncoding = 4; lastKnownFileType = sourcecode.c.h; path = ichm_Prefix.pch; sourceTree = "<group>"; };
		8D15AC360486D014006FF6A4 /* Info.plist */ = {isa = PBXFileReference; fileEncoding = 4; lastKnownFileType = text.plist.xml; path = Info.plist; sourceTree = "<group>"; };
		8D15AC370486D014006FF6A4 /* iChm.app */ = {isa = PBXFileReference; explicitFileType = wrapper.application; includeInIndex = 0; path = iChm.app; sourceTree = BUILT_PRODUCTS_DIR; };
		90C4D9C00E7DCBA8006B2109 /* Dutch */ = {isa = PBXFileReference; lastKnownFileType = file.xib; name = Dutch; path = Dutch.lproj/CHMDocument.xib; sourceTree = "<group>"; };
		90C4D9C10E7DCBBB006B2109 /* Dutch */ = {isa = PBXFileReference; lastKnownFileType = file.xib; name = Dutch; path = Dutch.lproj/MainMenu.xib; sourceTree = "<group>"; };
		90C4D9C20E7DCBDF006B2109 /* Dutch */ = {isa = PBXFileReference; lastKnownFileType = file.xib; name = Dutch; path = Dutch.lproj/CHMWebView.xib; sourceTree = "<group>"; };
		90C4D9C30E7DCBFA006B2109 /* Dutch */ = {isa = PBXFileReference; lastKnownFileType = file.xib; name = Dutch; path = Dutch.lproj/Bookmark.xib; sourceTree = "<group>"; };
		90C4D9C40E7DCC17006B2109 /* Dutch */ = {isa = PBXFileReference; fileEncoding = 10; lastKnownFileType = text.plist.strings; name = Dutch; path = Dutch.lproj/Localizable.strings; sourceTree = "<group>"; };
		90C4D9C50E7DCC23006B2109 /* Dutch */ = {isa = PBXFileReference; fileEncoding = 10; lastKnownFileType = text.plist.strings; name = Dutch; path = Dutch.lproj/InfoPlist.strings; sourceTree = "<group>"; };
		90C4D9C60E7DCC31006B2109 /* Dutch */ = {isa = PBXFileReference; lastKnownFileType = text.rtf; name = Dutch; path = Dutch.lproj/Credits.rtf; sourceTree = "<group>"; };
		C12CE0341CC1798300970809 /* CHMDocumentFile.h */ = {isa = PBXFileReference; fileEncoding = 4; lastKnownFileType = sourcecode.c.h; name = CHMDocumentFile.h; path = ../CHMDocumentFile.h; sourceTree = "<group>"; };
		C12CE0351CC1798300970809 /* CHMDocumentFile.m */ = {isa = PBXFileReference; fileEncoding = 4; lastKnownFileType = sourcecode.c.objc; name = CHMDocumentFile.m; path = ../CHMDocumentFile.m; sourceTree = "<group>"; };
		C14A60171CC6C43900B868C6 /* CHMLinkItem.h */ = {isa = PBXFileReference; fileEncoding = 4; lastKnownFileType = sourcecode.c.h; name = CHMLinkItem.h; path = ../CHMLinkItem.h; sourceTree = "<group>"; };
		C14A60181CC6C43900B868C6 /* CHMLinkItem.m */ = {isa = PBXFileReference; fileEncoding = 4; lastKnownFileType = sourcecode.c.objc; name = CHMLinkItem.m; path = ../CHMLinkItem.m; sourceTree = "<group>"; };
		C15332981CCD255000C67A97 /* CHMImageViewPopUpButton.h */ = {isa = PBXFileReference; fileEncoding = 4; lastKnownFileType = sourcecode.c.h; path = CHMImageViewPopUpButton.h; sourceTree = "<group>"; };
		C15332991CCD255000C67A97 /* CHMImageViewPopUpButton.m */ = {isa = PBXFileReference; fileEncoding = 4; lastKnownFileType = sourcecode.c.objc; path = CHMImageViewPopUpButton.m; sourceTree = "<group>"; };
		C153329F1CCD4CFB00C67A97 /* view.png */ = {isa = PBXFileReference; lastKnownFileType = image.png; path = view.png; sourceTree = "<group>"; };
		C183995D1CD00747009FDCDE /* PSMTabBarControl.xcodeproj */ = {isa = PBXFileReference; lastKnownFileType = "wrapper.pb-project"; name = PSMTabBarControl.xcodeproj; path = PSMTabBarControl/PSMTabBarControl.xcodeproj; sourceTree = "<group>"; };
		C18622161C8F41F400C1DD80 /* CHM Framework.xcodeproj */ = {isa = PBXFileReference; lastKnownFileType = "wrapper.pb-project"; name = "CHM Framework.xcodeproj"; path = "chmlib/osx/CHMFramework/CHM Framework.xcodeproj"; sourceTree = "<group>"; };
		C186222C1C8F550C00C1DD80 /* CHM Spotlight Importer.xcodeproj */ = {isa = PBXFileReference; lastKnownFileType = "wrapper.pb-project"; name = "CHM Spotlight Importer.xcodeproj"; path = "CHMSpotlightImporter/CHM Spotlight Importer.xcodeproj"; sourceTree = "<group>"; };
		C195099D1CD1782600288A26 /* CHMSearchResult.h */ = {isa = PBXFileReference; fileEncoding = 4; lastKnownFileType = sourcecode.c.h; name = CHMSearchResult.h; path = ../CHMSearchResult.h; sourceTree = "<group>"; };
		C195099E1CD1782600288A26 /* CHMSearchResult.m */ = {isa = PBXFileReference; fileEncoding = 4; lastKnownFileType = sourcecode.c.objc; name = CHMSearchResult.m; path = ../CHMSearchResult.m; sourceTree = "<group>"; };
		C1C31AA81CBD9876000F2B96 /* quickchm.xcodeproj */ = {isa = PBXFileReference; lastKnownFileType = "wrapper.pb-project"; name = quickchm.xcodeproj; path = CHMQuickLook/quickchm.xcodeproj; sourceTree = "<group>"; };
		C1CFFB321CE3FB3100DDAAF3 /* CHMArchiveItem.h */ = {isa = PBXFileReference; fileEncoding = 4; lastKnownFileType = sourcecode.c.h; path = CHMArchiveItem.h; sourceTree = "<group>"; };
		C1CFFB331CE3FB3100DDAAF3 /* CHMArchiveItem.m */ = {isa = PBXFileReference; fileEncoding = 4; lastKnownFileType = sourcecode.c.objc; path = CHMArchiveItem.m; sourceTree = "<group>"; };
		C1DA9EE91CD9668C00FE354F /* CHMKit.framework */ = {isa = PBXFileReference; explicitFileType = wrapper.framework; includeInIndex = 0; path = CHMKit.framework; sourceTree = BUILT_PRODUCTS_DIR; };
		C1DA9EEB1CD9668C00FE354F /* CHMKit.h */ = {isa = PBXFileReference; lastKnownFileType = sourcecode.c.h; path = CHMKit.h; sourceTree = "<group>"; };
		C1DA9EED1CD9668C00FE354F /* Info.plist */ = {isa = PBXFileReference; lastKnownFileType = text.plist.xml; path = Info.plist; sourceTree = "<group>"; };
		C1DA9F0A1CD96E3C00FE354F /* CoreServices.framework */ = {isa = PBXFileReference; lastKnownFileType = wrapper.framework; name = CoreServices.framework; path = System/Library/Frameworks/CoreServices.framework; sourceTree = SDKROOT; };
		C1DA9F411CDA98EC00FE354F /* CHMKitPrivateInterfaces.h */ = {isa = PBXFileReference; lastKnownFileType = sourcecode.c.h; path = CHMKitPrivateInterfaces.h; sourceTree = "<group>"; };
		C1DA9F4A1CDA9BF700FE354F /* CHMKitPrivateInterfaces.m */ = {isa = PBXFileReference; fileEncoding = 4; lastKnownFileType = sourcecode.c.objc; path = CHMKitPrivateInterfaces.m; sourceTree = "<group>"; };
		C30F2B2E0E42135C003A17A7 /* home.png */ = {isa = PBXFileReference; lastKnownFileType = image.png; path = home.png; sourceTree = "<group>"; };
		C33A4AB90E34E92D00277D64 /* CHMDocument.h */ = {isa = PBXFileReference; fileEncoding = 4; lastKnownFileType = sourcecode.c.h; path = CHMDocument.h; sourceTree = "<group>"; };
		C33A4ABA0E34E92D00277D64 /* CHMDocument.m */ = {isa = PBXFileReference; fileEncoding = 4; lastKnownFileType = sourcecode.c.objc; path = CHMDocument.m; sourceTree = "<group>"; };
		C33A4AE00E34EA7700277D64 /* English */ = {isa = PBXFileReference; lastKnownFileType = file.xib; name = English; path = English.lproj/CHMDocument.xib; sourceTree = "<group>"; };
		C33BB2040E46DA100026F435 /* ichm_file.icns */ = {isa = PBXFileReference; lastKnownFileType = image.icns; path = ichm_file.icns; sourceTree = "<group>"; };
		C33D3AC90E4F05E500F7B487 /* Bookmarks.xcdatamodel */ = {isa = PBXFileReference; fileEncoding = 4; lastKnownFileType = wrapper.xcdatamodel; path = Bookmarks.xcdatamodel; sourceTree = "<group>"; };
		C33D3AD20E4F1E3800F7B487 /* CHMFile.h */ = {isa = PBXFileReference; fileEncoding = 4; lastKnownFileType = sourcecode.c.h; path = CHMFile.h; sourceTree = "<group>"; };
		C33D3AD30E4F1E3800F7B487 /* CHMFile.m */ = {isa = PBXFileReference; fileEncoding = 4; lastKnownFileType = sourcecode.c.objc; path = CHMFile.m; sourceTree = "<group>"; };
		C33D3AD40E4F1E3800F7B487 /* CHMTag.h */ = {isa = PBXFileReference; fileEncoding = 4; lastKnownFileType = sourcecode.c.h; path = CHMTag.h; sourceTree = "<group>"; };
		C33D3AD50E4F1E3800F7B487 /* CHMTag.m */ = {isa = PBXFileReference; fileEncoding = 4; lastKnownFileType = sourcecode.c.objc; path = CHMTag.m; sourceTree = "<group>"; };
		C33D3B0C0E4F245600F7B487 /* BookmarkController.h */ = {isa = PBXFileReference; fileEncoding = 4; lastKnownFileType = sourcecode.c.h; path = BookmarkController.h; sourceTree = "<group>"; };
		C33D3B0D0E4F245600F7B487 /* BookmarkController.m */ = {isa = PBXFileReference; fileEncoding = 4; lastKnownFileType = sourcecode.c.objc; path = BookmarkController.m; sourceTree = "<group>"; };
		C33D3B1C0E4F256B00F7B487 /* English */ = {isa = PBXFileReference; lastKnownFileType = file.xib; name = English; path = English.lproj/Bookmark.xib; sourceTree = "<group>"; };
		C33DE50A0E40A651009FF1F4 /* ichm.css */ = {isa = PBXFileReference; fileEncoding = 4; lastKnownFileType = text.css; path = ichm.css; sourceTree = "<group>"; };
		C33DE67B0E40C40A009FF1F4 /* highlight.js */ = {isa = PBXFileReference; fileEncoding = 4; lastKnownFileType = sourcecode.javascript; path = highlight.js; sourceTree = "<group>"; };
		C33DE6DC0E40CA96009FF1F4 /* test.html */ = {isa = PBXFileReference; fileEncoding = 4; lastKnownFileType = text.html; path = test.html; sourceTree = "<group>"; };
		C346DF060E530E8B00A76373 /* Sparkle.framework */ = {isa = PBXFileReference; lastKnownFileType = wrapper.framework; name = Sparkle.framework; path = Frameworks/Sparkle.framework; sourceTree = "<group>"; };
		C35B99F90E39C23400A63BC3 /* redbird.icns */ = {isa = PBXFileReference; lastKnownFileType = image.icns; path = redbird.icns; sourceTree = "<group>"; };
		C36FD41A0E4829B400496822 /* German */ = {isa = PBXFileReference; lastKnownFileType = file.xib; name = German; path = German.lproj/CHMDocument.xib; sourceTree = "<group>"; };
		C36FD41D0E482AFA00496822 /* German */ = {isa = PBXFileReference; lastKnownFileType = file.xib; name = German; path = German.lproj/MainMenu.xib; sourceTree = "<group>"; };
		C36FD4520E48368C00496822 /* German */ = {isa = PBXFileReference; fileEncoding = 10; lastKnownFileType = text.plist.strings; name = German; path = German.lproj/InfoPlist.strings; sourceTree = "<group>"; };
		C36FD4F00E48393000496822 /* zh_CN */ = {isa = PBXFileReference; fileEncoding = 10; lastKnownFileType = text.plist.strings; name = zh_CN; path = zh_CN.lproj/InfoPlist.strings; sourceTree = "<group>"; };
		C36FD4F50E483DA800496822 /* zh_CN */ = {isa = PBXFileReference; lastKnownFileType = file.xib; name = zh_CN; path = zh_CN.lproj/CHMDocument.xib; sourceTree = "<group>"; };
		C36FD4F60E483DD900496822 /* zh_CN */ = {isa = PBXFileReference; lastKnownFileType = file.xib; name = zh_CN; path = zh_CN.lproj/MainMenu.xib; sourceTree = "<group>"; };
		C36FD4F70E483DE200496822 /* zh_CN */ = {isa = PBXFileReference; lastKnownFileType = file.xib; name = zh_CN; path = zh_CN.lproj/CHMWebView.xib; sourceTree = "<group>"; };
		C36FD5290E48403A00496822 /* English */ = {isa = PBXFileReference; fileEncoding = 10; lastKnownFileType = text.plist.strings; name = English; path = English.lproj/Localizable.strings; sourceTree = "<group>"; };
		C36FD52D0E48404B00496822 /* zh_CN */ = {isa = PBXFileReference; fileEncoding = 10; lastKnownFileType = text.plist.strings; name = zh_CN; path = zh_CN.lproj/Localizable.strings; sourceTree = "<group>"; };
		C36FD5830E4850F100496822 /* German */ = {isa = PBXFileReference; fileEncoding = 10; lastKnownFileType = text.plist.strings; name = German; path = German.lproj/Localizable.strings; sourceTree = "<group>"; };
		C36FD5840E48513900496822 /* German */ = {isa = PBXFileReference; lastKnownFileType = file.xib; name = German; path = German.lproj/CHMWebView.xib; sourceTree = "<group>"; };
		C38B8E840E627FDD00E0DC42 /* zh_TW */ = {isa = PBXFileReference; lastKnownFileType = file.xib; name = zh_TW; path = zh_TW.lproj/CHMDocument.xib; sourceTree = "<group>"; };
		C38B8E850E627FE600E0DC42 /* zh_TW */ = {isa = PBXFileReference; lastKnownFileType = file.xib; name = zh_TW; path = zh_TW.lproj/MainMenu.xib; sourceTree = "<group>"; };
		C38B8E860E627FEC00E0DC42 /* zh_TW */ = {isa = PBXFileReference; lastKnownFileType = file.xib; name = zh_TW; path = zh_TW.lproj/CHMWebView.xib; sourceTree = "<group>"; };
		C38B8E870E627FF300E0DC42 /* zh_TW */ = {isa = PBXFileReference; lastKnownFileType = file.xib; name = zh_TW; path = zh_TW.lproj/Bookmark.xib; sourceTree = "<group>"; };
		C38B8E880E627FFA00E0DC42 /* zh_TW */ = {isa = PBXFileReference; fileEncoding = 10; lastKnownFileType = text.plist.strings; name = zh_TW; path = zh_TW.lproj/Localizable.strings; sourceTree = "<group>"; };
		C38B8EA00E628B8D00E0DC42 /* Spanish */ = {isa = PBXFileReference; fileEncoding = 10; lastKnownFileType = text.plist.strings; name = Spanish; path = Spanish.lproj/Localizable.strings; sourceTree = "<group>"; };
		C3907F3C0EC005430018AA80 /* Quartz.framework */ = {isa = PBXFileReference; lastKnownFileType = wrapper.framework; name = Quartz.framework; path = System/Library/Frameworks/Quartz.framework; sourceTree = SDKROOT; };
		C3907F680EC005B30018AA80 /* ApplicationServices.framework */ = {isa = PBXFileReference; lastKnownFileType = wrapper.framework; name = ApplicationServices.framework; path = System/Library/Frameworks/ApplicationServices.framework; sourceTree = SDKROOT; };
		C390802C0EC027070018AA80 /* CHMWebView.h */ = {isa = PBXFileReference; fileEncoding = 4; lastKnownFileType = sourcecode.c.h; path = CHMWebView.h; sourceTree = "<group>"; };
		C390802D0EC027070018AA80 /* CHMWebView.m */ = {isa = PBXFileReference; fileEncoding = 4; lastKnownFileType = sourcecode.c.objc; path = CHMWebView.m; sourceTree = "<group>"; };
		C39081790EC0A4EC0018AA80 /* CHMExporter.h */ = {isa = PBXFileReference; fileEncoding = 4; lastKnownFileType = sourcecode.c.h; path = CHMExporter.h; sourceTree = "<group>"; };
		C390817A0EC0A4EC0018AA80 /* CHMExporter.m */ = {isa = PBXFileReference; fileEncoding = 4; lastKnownFileType = sourcecode.c.objc; path = CHMExporter.m; sourceTree = "<group>"; };
		C3A79CC10E30438B00FF4485 /* CHMTableOfContents.h */ = {isa = PBXFileReference; fileEncoding = 4; lastKnownFileType = sourcecode.c.h; name = CHMTableOfContents.h; path = ../CHMTableOfContents.h; sourceTree = "<group>"; };
		C3A79CC20E30438B00FF4485 /* CHMTableOfContents.m */ = {isa = PBXFileReference; fileEncoding = 4; lastKnownFileType = sourcecode.c.objc; name = CHMTableOfContents.m; path = ../CHMTableOfContents.m; sourceTree = "<group>"; };
		C3AA9B1D0E3EC88600D2FB53 /* English */ = {isa = PBXFileReference; lastKnownFileType = file.xib; name = English; path = English.lproj/CHMWebView.xib; sourceTree = "<group>"; };
		C3AA9B200E3EC8A200D2FB53 /* CHMWebViewController.h */ = {isa = PBXFileReference; fileEncoding = 4; lastKnownFileType = sourcecode.c.h; path = CHMWebViewController.h; sourceTree = "<group>"; };
		C3AA9B210E3EC8A200D2FB53 /* CHMWebViewController.m */ = {isa = PBXFileReference; fileEncoding = 4; lastKnownFileType = sourcecode.c.objc; path = CHMWebViewController.m; sourceTree = "<group>"; };
		C3BF8B9E0E4FDD7200AE3BEE /* CHMBookmark.h */ = {isa = PBXFileReference; fileEncoding = 4; lastKnownFileType = sourcecode.c.h; path = CHMBookmark.h; sourceTree = "<group>"; };
		C3BF8B9F0E4FDD7200AE3BEE /* CHMBookmark.m */ = {isa = PBXFileReference; fileEncoding = 4; lastKnownFileType = sourcecode.c.objc; path = CHMBookmark.m; sourceTree = "<group>"; };
		C3C082240E4557E700D58E19 /* TB_Sidebar.png */ = {isa = PBXFileReference; lastKnownFileType = image.png; path = TB_Sidebar.png; sourceTree = "<group>"; };
		C3D2046C0E53EFB700D5CA58 /* German */ = {isa = PBXFileReference; lastKnownFileType = file.xib; name = German; path = German.lproj/Bookmark.xib; sourceTree = "<group>"; };
		C3D2046D0E53EFBA00D5CA58 /* zh_CN */ = {isa = PBXFileReference; lastKnownFileType = file.xib; name = zh_CN; path = zh_CN.lproj/Bookmark.xib; sourceTree = "<group>"; };
		C3D5D3330E5159D5007C51BD /* BookmarkView.h */ = {isa = PBXFileReference; fileEncoding = 4; lastKnownFileType = sourcecode.c.h; path = BookmarkView.h; sourceTree = "<group>"; };
		C3D5D3340E5159D5007C51BD /* BookmarkView.m */ = {isa = PBXFileReference; fileEncoding = 4; lastKnownFileType = sourcecode.c.objc; path = BookmarkView.m; sourceTree = "<group>"; };
		C3D6EE090E3D9E5C00A823A2 /* CHMOutlineView.h */ = {isa = PBXFileReference; fileEncoding = 4; lastKnownFileType = sourcecode.c.h; path = CHMOutlineView.h; sourceTree = "<group>"; };
		C3D6EE0A0E3D9E5C00A823A2 /* CHMOutlineView.m */ = {isa = PBXFileReference; fileEncoding = 4; lastKnownFileType = sourcecode.c.objc; path = CHMOutlineView.m; sourceTree = "<group>"; };
		C3DB24CD0E2DB849000E5A20 /* WebKit.framework */ = {isa = PBXFileReference; lastKnownFileType = wrapper.framework; name = WebKit.framework; path = System/Library/Frameworks/WebKit.framework; sourceTree = SDKROOT; };
		C3DB25280E2DD49F000E5A20 /* CHMITSSURLProtocol.h */ = {isa = PBXFileReference; fileEncoding = 4; lastKnownFileType = sourcecode.c.h; name = CHMITSSURLProtocol.h; path = ../CHMITSSURLProtocol.h; sourceTree = "<group>"; };
		C3DB25290E2DD49F000E5A20 /* CHMITSSURLProtocol.m */ = {isa = PBXFileReference; fileEncoding = 4; lastKnownFileType = sourcecode.c.objc; name = CHMITSSURLProtocol.m; path = ../CHMITSSURLProtocol.m; sourceTree = "<group>"; };
		C3DB252D0E2DD646000E5A20 /* CHMAppController.h */ = {isa = PBXFileReference; fileEncoding = 4; lastKnownFileType = sourcecode.c.h; path = CHMAppController.h; sourceTree = "<group>"; };
		C3DB252E0E2DD646000E5A20 /* CHMAppController.m */ = {isa = PBXFileReference; fileEncoding = 4; lastKnownFileType = sourcecode.c.objc; path = CHMAppController.m; sourceTree = "<group>"; };
		C3E9715D0E4BEAA000B7B36D /* lcid.h */ = {isa = PBXFileReference; fileEncoding = 4; lastKnownFileType = sourcecode.c.h; name = lcid.h; path = ../lcid.h; sourceTree = "<group>"; };
		C3ED1D9F0E43106D00C1B93A /* textEncodings.plist */ = {isa = PBXFileReference; fileEncoding = 4; lastKnownFileType = text.plist.xml; path = textEncodings.plist; sourceTree = "<group>"; };
		C3FF6BAD0E585DC300F9EBC2 /* Spanish */ = {isa = PBXFileReference; lastKnownFileType = file.xib; name = Spanish; path = Spanish.lproj/CHMDocument.xib; sourceTree = "<group>"; };
		C3FF6BAE0E585DCF00F9EBC2 /* Spanish */ = {isa = PBXFileReference; lastKnownFileType = file.xib; name = Spanish; path = Spanish.lproj/MainMenu.xib; sourceTree = "<group>"; };
		C3FF6BAF0E585DD600F9EBC2 /* Spanish */ = {isa = PBXFileReference; lastKnownFileType = file.xib; name = Spanish; path = Spanish.lproj/CHMWebView.xib; sourceTree = "<group>"; };
		C3FF6BB00E585DDD00F9EBC2 /* Spanish */ = {isa = PBXFileReference; lastKnownFileType = file.xib; name = Spanish; path = Spanish.lproj/Bookmark.xib; sourceTree = "<group>"; };
/* End PBXFileReference section */

/* Begin PBXFrameworksBuildPhase section */
		8D15AC330486D014006FF6A4 /* Frameworks */ = {
			isa = PBXFrameworksBuildPhase;
			buildActionMask = 2147483647;
			files = (
				8D15AC340486D014006FF6A4 /* Cocoa.framework in Frameworks */,
				C3DB24CE0E2DB849000E5A20 /* WebKit.framework in Frameworks */,
				C3907F3D0EC005430018AA80 /* Quartz.framework in Frameworks */,
				C3907F690EC005B30018AA80 /* ApplicationServices.framework in Frameworks */,
				C1DA9EF01CD9668C00FE354F /* CHMKit.framework in Frameworks */,
				C186221F1C8F432300C1DD80 /* CHM.framework in Frameworks */,
				C18399691CD00820009FDCDE /* PSMTabBarControl.framework in Frameworks */,
				C346DF070E530E8B00A76373 /* Sparkle.framework in Frameworks */,
			);
			runOnlyForDeploymentPostprocessing = 0;
		};
		C1DA9EE51CD9668C00FE354F /* Frameworks */ = {
			isa = PBXFrameworksBuildPhase;
			buildActionMask = 2147483647;
			files = (
				C1DA9F0B1CD96E3C00FE354F /* CoreServices.framework in Frameworks */,
				C1DA9F091CD96E2500FE354F /* Foundation.framework in Frameworks */,
				C1DA9F081CD9692100FE354F /* CHM.framework in Frameworks */,
			);
			runOnlyForDeploymentPostprocessing = 0;
		};
/* End PBXFrameworksBuildPhase section */

/* Begin PBXGroup section */
		1058C7A6FEA54F5311CA2CBB /* Linked Frameworks */ = {
			isa = PBXGroup;
			children = (
				C346DF060E530E8B00A76373 /* Sparkle.framework */,
				1058C7A7FEA54F5311CA2CBB /* Cocoa.framework */,
			);
			name = "Linked Frameworks";
			sourceTree = "<group>";
		};
		1058C7A8FEA54F5311CA2CBB /* Other Frameworks */ = {
			isa = PBXGroup;
			children = (
				C1DA9F0A1CD96E3C00FE354F /* CoreServices.framework */,
				C3907F680EC005B30018AA80 /* ApplicationServices.framework */,
				C3907F3C0EC005430018AA80 /* Quartz.framework */,
				C3DB24CD0E2DB849000E5A20 /* WebKit.framework */,
				2A37F4C4FDCFA73011CA2CEA /* AppKit.framework */,
				13E42FBA07B3F13500E4EEF1 /* CoreData.framework */,
				2A37F4C5FDCFA73011CA2CEA /* Foundation.framework */,
			);
			name = "Other Frameworks";
			sourceTree = "<group>";
		};
		19C28FB0FE9D524F11CA2CBB /* Products */ = {
			isa = PBXGroup;
			children = (
				8D15AC370486D014006FF6A4 /* iChm.app */,
				C1DA9EE91CD9668C00FE354F /* CHMKit.framework */,
			);
			name = Products;
			sourceTree = "<group>";
		};
		2A37F4AAFDCFA73011CA2CEA /* ichm */ = {
			isa = PBXGroup;
			children = (
				C33D3ADB0E4F1E4400F7B487 /* Bookmark Controller */,
				2A37F4ABFDCFA73011CA2CEA /* Classes */,
				2A37F4AFFDCFA73011CA2CEA /* Other Sources */,
				C16CEFBF1C8E09F1004DD019 /* chmlib */,
				C16CF19A1C8E0BB5004DD019 /* Spotlight */,
				C1C31AA11CBD9853000F2B96 /* QuickLook */,
				C18399581CD00717009FDCDE /* PSMTabBarControl */,
				2A37F4B8FDCFA73011CA2CEA /* Resources */,
				2A37F4C3FDCFA73011CA2CEA /* Frameworks */,
				19C28FB0FE9D524F11CA2CBB /* Products */,
			);
			name = ichm;
			sourceTree = "<group>";
		};
		2A37F4ABFDCFA73011CA2CEA /* Classes */ = {
			isa = PBXGroup;
			children = (
				C3DB252D0E2DD646000E5A20 /* CHMAppController.h */,
				C3DB252E0E2DD646000E5A20 /* CHMAppController.m */,
				C3ED1D9F0E43106D00C1B93A /* textEncodings.plist */,
				1DDD582A0DA1D0D100B32029 /* MainMenu.xib */,
				C18622411C8F5F3D00C1DD80 /* Document */,
			);
			name = Classes;
			sourceTree = "<group>";
		};
		2A37F4AFFDCFA73011CA2CEA /* Other Sources */ = {
			isa = PBXGroup;
			children = (
				C33DE67B0E40C40A009FF1F4 /* highlight.js */,
				32DBCF750370BD2300C91783 /* ichm_Prefix.pch */,
				2A37F4B0FDCFA73011CA2CEA /* main.m */,
				C33DE50A0E40A651009FF1F4 /* ichm.css */,
				C33DE6DC0E40CA96009FF1F4 /* test.html */,
			);
			name = "Other Sources";
			sourceTree = "<group>";
		};
		2A37F4B8FDCFA73011CA2CEA /* Resources */ = {
			isa = PBXGroup;
			children = (
				C3C082260E4557F900D58E19 /* images */,
				2A37F4B9FDCFA73011CA2CEA /* Credits.rtf */,
				8D15AC360486D014006FF6A4 /* Info.plist */,
				089C165FFE840EACC02AAC07 /* InfoPlist.strings */,
				C36FD52B0E48403F00496822 /* Localizable.strings */,
			);
			name = Resources;
			sourceTree = "<group>";
		};
		2A37F4C3FDCFA73011CA2CEA /* Frameworks */ = {
			isa = PBXGroup;
			children = (
				1058C7A6FEA54F5311CA2CBB /* Linked Frameworks */,
				1058C7A8FEA54F5311CA2CBB /* Other Frameworks */,
			);
			name = Frameworks;
			sourceTree = "<group>";
		};
		C12CE03C1CC179B300970809 /* views */ = {
			isa = PBXGroup;
			children = (
				C3AA9B200E3EC8A200D2FB53 /* CHMWebViewController.h */,
				C3AA9B210E3EC8A200D2FB53 /* CHMWebViewController.m */,
				C36FD4230E482D3800496822 /* CHMWebView.xib */,
				C390802C0EC027070018AA80 /* CHMWebView.h */,
				C390802D0EC027070018AA80 /* CHMWebView.m */,
				C3D6EE090E3D9E5C00A823A2 /* CHMOutlineView.h */,
				C3D6EE0A0E3D9E5C00A823A2 /* CHMOutlineView.m */,
				C15332981CCD255000C67A97 /* CHMImageViewPopUpButton.h */,
				C15332991CCD255000C67A97 /* CHMImageViewPopUpButton.m */,
			);
			name = views;
			sourceTree = "<group>";
		};
		C16CEFBF1C8E09F1004DD019 /* chmlib */ = {
			isa = PBXGroup;
			children = (
				C18622161C8F41F400C1DD80 /* CHM Framework.xcodeproj */,
			);
			name = chmlib;
			sourceTree = "<group>";
		};
		C16CF19A1C8E0BB5004DD019 /* Spotlight */ = {
			isa = PBXGroup;
			children = (
				C186222C1C8F550C00C1DD80 /* CHM Spotlight Importer.xcodeproj */,
			);
			name = Spotlight;
			sourceTree = "<group>";
		};
		C18399581CD00717009FDCDE /* PSMTabBarControl */ = {
			isa = PBXGroup;
			children = (
				C183995D1CD00747009FDCDE /* PSMTabBarControl.xcodeproj */,
			);
			name = PSMTabBarControl;
			sourceTree = "<group>";
		};
		C183995E1CD00747009FDCDE /* Products */ = {
			isa = PBXGroup;
			children = (
				C18399641CD00747009FDCDE /* PSMTabBarControl.framework */,
				C18399661CD00747009FDCDE /* PSMTabBarControlDemo.app */,
			);
			name = Products;
			sourceTree = "<group>";
		};
		C18622171C8F41F400C1DD80 /* Products */ = {
			isa = PBXGroup;
			children = (
				C186221B1C8F41F400C1DD80 /* CHM.framework */,
				C17B9C2F1CB18C06002DD0D2 /* test */,
				C17B9C311CB18C06002DD0D2 /* enum_chmLib */,
				C17B9C331CB18C06002DD0D2 /* extract_chmLib */,
				C17B9C351CB18C06002DD0D2 /* chm_http */,
			);
			name = Products;
			sourceTree = "<group>";
		};
		C186222D1C8F550C00C1DD80 /* Products */ = {
			isa = PBXGroup;
			children = (
				C18622321C8F550C00C1DD80 /* CHM.mdimporter */,
			);
			name = Products;
			sourceTree = "<group>";
		};
		C186223F1C8F5AED00C1DD80 /* model */ = {
			isa = PBXGroup;
			children = (
				C3BF8B9E0E4FDD7200AE3BEE /* CHMBookmark.h */,
				C3BF8B9F0E4FDD7200AE3BEE /* CHMBookmark.m */,
				C33D3AC90E4F05E500F7B487 /* Bookmarks.xcdatamodel */,
				C33D3AD20E4F1E3800F7B487 /* CHMFile.h */,
				C33D3AD30E4F1E3800F7B487 /* CHMFile.m */,
				C33D3AD40E4F1E3800F7B487 /* CHMTag.h */,
				C33D3AD50E4F1E3800F7B487 /* CHMTag.m */,
			);
			name = model;
			sourceTree = "<group>";
		};
		C18622401C8F5B0500C1DD80 /* views */ = {
			isa = PBXGroup;
			children = (
				C3D5D3330E5159D5007C51BD /* BookmarkView.h */,
				C3D5D3340E5159D5007C51BD /* BookmarkView.m */,
			);
			name = views;
			sourceTree = "<group>";
		};
		C18622411C8F5F3D00C1DD80 /* Document */ = {
			isa = PBXGroup;
			children = (
				C33A4AB90E34E92D00277D64 /* CHMDocument.h */,
				C33A4ABA0E34E92D00277D64 /* CHMDocument.m */,
				C33A4ADF0E34EA7700277D64 /* CHMDocument.xib */,
				C1DA9EEA1CD9668C00FE354F /* CHMKit framework */,
				C12CE03C1CC179B300970809 /* views */,
				C39081790EC0A4EC0018AA80 /* CHMExporter.h */,
				C390817A0EC0A4EC0018AA80 /* CHMExporter.m */,
			);
			name = Document;
			sourceTree = "<group>";
		};
		C1C31AA11CBD9853000F2B96 /* QuickLook */ = {
			isa = PBXGroup;
			children = (
				C1C31AA81CBD9876000F2B96 /* quickchm.xcodeproj */,
			);
			name = QuickLook;
			sourceTree = "<group>";
		};
		C1C31AA91CBD9876000F2B96 /* Products */ = {
			isa = PBXGroup;
			children = (
				C1C31AAD1CBD9876000F2B96 /* CHM.qlgenerator */,
			);
			name = Products;
			sourceTree = "<group>";
		};
		C1DA9EEA1CD9668C00FE354F /* CHMKit framework */ = {
			isa = PBXGroup;
			children = (
				C1DA9EEB1CD9668C00FE354F /* CHMKit.h */,
				C12CE0341CC1798300970809 /* CHMDocumentFile.h */,
				C12CE0351CC1798300970809 /* CHMDocumentFile.m */,
				C3A79CC10E30438B00FF4485 /* CHMTableOfContents.h */,
				C3A79CC20E30438B00FF4485 /* CHMTableOfContents.m */,
				C3DB25280E2DD49F000E5A20 /* CHMITSSURLProtocol.h */,
				C3DB25290E2DD49F000E5A20 /* CHMITSSURLProtocol.m */,
				C14A60171CC6C43900B868C6 /* CHMLinkItem.h */,
				C14A60181CC6C43900B868C6 /* CHMLinkItem.m */,
				C1CFFB321CE3FB3100DDAAF3 /* CHMArchiveItem.h */,
				C1CFFB331CE3FB3100DDAAF3 /* CHMArchiveItem.m */,
				C195099D1CD1782600288A26 /* CHMSearchResult.h */,
				C195099E1CD1782600288A26 /* CHMSearchResult.m */,
				C3E9715D0E4BEAA000B7B36D /* lcid.h */,
				C1DA9F411CDA98EC00FE354F /* CHMKitPrivateInterfaces.h */,
				C1DA9F4A1CDA9BF700FE354F /* CHMKitPrivateInterfaces.m */,
				C1DA9EED1CD9668C00FE354F /* Info.plist */,
			);
			name = "CHMKit framework";
			path = CHMKit;
			sourceTree = "<group>";
		};
		C33D3ADB0E4F1E4400F7B487 /* Bookmark Controller */ = {
			isa = PBXGroup;
			children = (
				C33D3B0C0E4F245600F7B487 /* BookmarkController.h */,
				C33D3B0D0E4F245600F7B487 /* BookmarkController.m */,
				C3D2046A0E53EFAF00D5CA58 /* Bookmark.xib */,
				C18622401C8F5B0500C1DD80 /* views */,
				C186223F1C8F5AED00C1DD80 /* model */,
			);
			name = "Bookmark Controller";
			sourceTree = "<group>";
		};
		C3C082260E4557F900D58E19 /* images */ = {
			isa = PBXGroup;
			children = (
				C153329F1CCD4CFB00C67A97 /* view.png */,
				C33BB2040E46DA100026F435 /* ichm_file.icns */,
				C30F2B2E0E42135C003A17A7 /* home.png */,
				C35B99F90E39C23400A63BC3 /* redbird.icns */,
				C3C082240E4557E700D58E19 /* TB_Sidebar.png */,
			);
			name = images;
			sourceTree = "<group>";
		};
/* End PBXGroup section */

/* Begin PBXHeadersBuildPhase section */
		C1DA9EE61CD9668C00FE354F /* Headers */ = {
			isa = PBXHeadersBuildPhase;
			buildActionMask = 2147483647;
			files = (
				C1DA9F061CD9688600FE354F /* CHMSearchResult.h in Headers */,
				C1DA9F041CD9688600FE354F /* CHMLinkItem.h in Headers */,
				C1DA9EFD1CD9688600FE354F /* CHMDocumentFile.h in Headers */,
				C1DA9F001CD9688600FE354F /* CHMTableOfContents.h in Headers */,
				C1DA9EFF1CD9688600FE354F /* lcid.h in Headers */,
				C1DA9F021CD9688600FE354F /* CHMITSSURLProtocol.h in Headers */,
				C1CFFB341CE3FB3100DDAAF3 /* CHMArchiveItem.h in Headers */,
				C1DA9F481CDA99F700FE354F /* CHMKitPrivateInterfaces.h in Headers */,
				C1DA9EEC1CD9668C00FE354F /* CHMKit.h in Headers */,
			);
			runOnlyForDeploymentPostprocessing = 0;
		};
/* End PBXHeadersBuildPhase section */

/* Begin PBXNativeTarget section */
		8D15AC270486D014006FF6A4 /* iChm */ = {
			isa = PBXNativeTarget;
			buildConfigurationList = C05733C708A9546B00998B17 /* Build configuration list for PBXNativeTarget "iChm" */;
			buildPhases = (
				8D15AC2B0486D014006FF6A4 /* Resources */,
				8D15AC300486D014006FF6A4 /* Sources */,
				8D15AC330486D014006FF6A4 /* Frameworks */,
				C35B9BE70E39E4AB00A63BC3 /* Copy Frameworks */,
				C18622111C8E331000C1DD80 /* Copy CHM.mdimporter */,
				C1C31ACE1CBDA749000F2B96 /* Copy CHM.qlgenerator */,
			);
			buildRules = (
			);
			dependencies = (
				C18399681CD007F9009FDCDE /* PBXTargetDependency */,
				C1C31AC81CBDA720000F2B96 /* PBXTargetDependency */,
				C186223D1C8F573000C1DD80 /* PBXTargetDependency */,
				C186221D1C8F42C700C1DD80 /* PBXTargetDependency */,
				C1DA9EEF1CD9668C00FE354F /* PBXTargetDependency */,
			);
			name = iChm;
			productInstallPath = "$(HOME)/Applications";
			productName = ichm;
			productReference = 8D15AC370486D014006FF6A4 /* iChm.app */;
			productType = "com.apple.product-type.application";
		};
		C1DA9EE81CD9668C00FE354F /* CHMKit.framework */ = {
			isa = PBXNativeTarget;
			buildConfigurationList = C1DA9EFA1CD9668C00FE354F /* Build configuration list for PBXNativeTarget "CHMKit.framework" */;
			buildPhases = (
				C1DA9EE41CD9668C00FE354F /* Sources */,
				C1DA9EE51CD9668C00FE354F /* Frameworks */,
				C1DA9EE61CD9668C00FE354F /* Headers */,
				C1DA9EE71CD9668C00FE354F /* Resources */,
			);
			buildRules = (
			);
			dependencies = (
				C1DA9EFC1CD9686700FE354F /* PBXTargetDependency */,
			);
			name = CHMKit.framework;
			productName = CHMKit;
			productReference = C1DA9EE91CD9668C00FE354F /* CHMKit.framework */;
			productType = "com.apple.product-type.framework";
		};
/* End PBXNativeTarget section */

/* Begin PBXProject section */
		2A37F4A9FDCFA73011CA2CEA /* Project object */ = {
			isa = PBXProject;
			attributes = {
			};
			buildConfigurationList = C05733CB08A9546B00998B17 /* Build configuration list for PBXProject "ichm" */;
			compatibilityVersion = "Xcode 3.2";
			developmentRegion = English;
			hasScannedForEncodings = 1;
			knownRegions = (
				English,
				Japanese,
				French,
				German,
				zh_CN,
				Spanish,
				zh_TW,
				Dutch,
			);
			mainGroup = 2A37F4AAFDCFA73011CA2CEA /* ichm */;
			projectDirPath = "";
			projectReferences = (
				{
					ProductGroup = C18622171C8F41F400C1DD80 /* Products */;
					ProjectRef = C18622161C8F41F400C1DD80 /* CHM Framework.xcodeproj */;
				},
				{
					ProductGroup = C186222D1C8F550C00C1DD80 /* Products */;
					ProjectRef = C186222C1C8F550C00C1DD80 /* CHM Spotlight Importer.xcodeproj */;
				},
				{
					ProductGroup = C183995E1CD00747009FDCDE /* Products */;
					ProjectRef = C183995D1CD00747009FDCDE /* PSMTabBarControl.xcodeproj */;
				},
				{
					ProductGroup = C1C31AA91CBD9876000F2B96 /* Products */;
					ProjectRef = C1C31AA81CBD9876000F2B96 /* quickchm.xcodeproj */;
				},
			);
			projectRoot = "";
			targets = (
				8D15AC270486D014006FF6A4 /* iChm */,
				C1DA9EE81CD9668C00FE354F /* CHMKit.framework */,
			);
		};
/* End PBXProject section */

/* Begin PBXReferenceProxy section */
		C17B9C2F1CB18C06002DD0D2 /* test */ = {
			isa = PBXReferenceProxy;
			fileType = "compiled.mach-o.executable";
			path = test;
			remoteRef = C17B9C2E1CB18C06002DD0D2 /* PBXContainerItemProxy */;
			sourceTree = BUILT_PRODUCTS_DIR;
		};
		C17B9C311CB18C06002DD0D2 /* enum_chmLib */ = {
			isa = PBXReferenceProxy;
			fileType = "compiled.mach-o.executable";
			path = enum_chmLib;
			remoteRef = C17B9C301CB18C06002DD0D2 /* PBXContainerItemProxy */;
			sourceTree = BUILT_PRODUCTS_DIR;
		};
		C17B9C331CB18C06002DD0D2 /* extract_chmLib */ = {
			isa = PBXReferenceProxy;
			fileType = "compiled.mach-o.executable";
			path = extract_chmLib;
			remoteRef = C17B9C321CB18C06002DD0D2 /* PBXContainerItemProxy */;
			sourceTree = BUILT_PRODUCTS_DIR;
		};
		C17B9C351CB18C06002DD0D2 /* chm_http */ = {
			isa = PBXReferenceProxy;
			fileType = "compiled.mach-o.executable";
			path = chm_http;
			remoteRef = C17B9C341CB18C06002DD0D2 /* PBXContainerItemProxy */;
			sourceTree = BUILT_PRODUCTS_DIR;
		};
		C18399641CD00747009FDCDE /* PSMTabBarControl.framework */ = {
			isa = PBXReferenceProxy;
			fileType = wrapper.framework;
			path = PSMTabBarControl.framework;
			remoteRef = C18399631CD00747009FDCDE /* PBXContainerItemProxy */;
			sourceTree = BUILT_PRODUCTS_DIR;
		};
		C18399661CD00747009FDCDE /* PSMTabBarControlDemo.app */ = {
			isa = PBXReferenceProxy;
			fileType = wrapper.application;
			path = PSMTabBarControlDemo.app;
			remoteRef = C18399651CD00747009FDCDE /* PBXContainerItemProxy */;
			sourceTree = BUILT_PRODUCTS_DIR;
		};
		C186221B1C8F41F400C1DD80 /* CHM.framework */ = {
			isa = PBXReferenceProxy;
			fileType = wrapper.framework;
			path = CHM.framework;
			remoteRef = C186221A1C8F41F400C1DD80 /* PBXContainerItemProxy */;
			sourceTree = BUILT_PRODUCTS_DIR;
		};
		C18622321C8F550C00C1DD80 /* CHM.mdimporter */ = {
			isa = PBXReferenceProxy;
			fileType = wrapper.cfbundle;
			path = CHM.mdimporter;
			remoteRef = C18622311C8F550C00C1DD80 /* PBXContainerItemProxy */;
			sourceTree = BUILT_PRODUCTS_DIR;
		};
		C1C31AAD1CBD9876000F2B96 /* CHM.qlgenerator */ = {
			isa = PBXReferenceProxy;
			fileType = wrapper.cfbundle;
			path = CHM.qlgenerator;
			remoteRef = C1C31AAC1CBD9876000F2B96 /* PBXContainerItemProxy */;
			sourceTree = BUILT_PRODUCTS_DIR;
		};
/* End PBXReferenceProxy section */

/* Begin PBXResourcesBuildPhase section */
		8D15AC2B0486D014006FF6A4 /* Resources */ = {
			isa = PBXResourcesBuildPhase;
			buildActionMask = 2147483647;
			files = (
				C33DE67D0E40C40A009FF1F4 /* highlight.js in Resources */,
				8D15AC2C0486D014006FF6A4 /* Credits.rtf in Resources */,
				8D15AC2F0486D014006FF6A4 /* InfoPlist.strings in Resources */,
				1DDD582D0DA1D0D100B32029 /* MainMenu.xib in Resources */,
				C33A4AE10E34EA7700277D64 /* CHMDocument.xib in Resources */,
				C35B99FA0E39C23400A63BC3 /* redbird.icns in Resources */,
				C15332A01CCD4CFB00C67A97 /* view.png in Resources */,
				C36FD4240E482D3800496822 /* CHMWebView.xib in Resources */,
				C33DE50B0E40A651009FF1F4 /* ichm.css in Resources */,
				C30F2B2F0E42135C003A17A7 /* home.png in Resources */,
				C3ED1DA00E43106D00C1B93A /* textEncodings.plist in Resources */,
				C3C082250E4557E700D58E19 /* TB_Sidebar.png in Resources */,
				C33BB2050E46DA100026F435 /* ichm_file.icns in Resources */,
				C36FD52C0E48403F00496822 /* Localizable.strings in Resources */,
				C3D2046B0E53EFAF00D5CA58 /* Bookmark.xib in Resources */,
			);
			runOnlyForDeploymentPostprocessing = 0;
		};
		C1DA9EE71CD9668C00FE354F /* Resources */ = {
			isa = PBXResourcesBuildPhase;
			buildActionMask = 2147483647;
			files = (
			);
			runOnlyForDeploymentPostprocessing = 0;
		};
/* End PBXResourcesBuildPhase section */

/* Begin PBXSourcesBuildPhase section */
		8D15AC300486D014006FF6A4 /* Sources */ = {
			isa = PBXSourcesBuildPhase;
			buildActionMask = 2147483647;
			files = (
				8D15AC320486D014006FF6A4 /* main.m in Sources */,
				C3DB252F0E2DD646000E5A20 /* CHMAppController.m in Sources */,
				C153329A1CCD255000C67A97 /* CHMImageViewPopUpButton.m in Sources */,
				C33A4ABB0E34E92D00277D64 /* CHMDocument.m in Sources */,
				C3D6EE0B0E3D9E5C00A823A2 /* CHMOutlineView.m in Sources */,
				C3AA9B220E3EC8A200D2FB53 /* CHMWebViewController.m in Sources */,
				C33D3ACA0E4F05E500F7B487 /* Bookmarks.xcdatamodel in Sources */,
				C33D3AD80E4F1E3800F7B487 /* CHMFile.m in Sources */,
				C33D3AD90E4F1E3800F7B487 /* CHMTag.m in Sources */,
				C33D3B0E0E4F245600F7B487 /* BookmarkController.m in Sources */,
				C3BF8BA00E4FDD7200AE3BEE /* CHMBookmark.m in Sources */,
				C3D5D3350E5159D5007C51BD /* BookmarkView.m in Sources */,
				C390802E0EC027070018AA80 /* CHMWebView.m in Sources */,
				C390817B0EC0A4EC0018AA80 /* CHMExporter.m in Sources */,
			);
			runOnlyForDeploymentPostprocessing = 0;
		};
		C1DA9EE41CD9668C00FE354F /* Sources */ = {
			isa = PBXSourcesBuildPhase;
			buildActionMask = 2147483647;
			files = (
				C1CFFB351CE3FB3100DDAAF3 /* CHMArchiveItem.m in Sources */,
				C1DA9F011CD9688600FE354F /* CHMTableOfContents.m in Sources */,
				C1DA9F051CD9688600FE354F /* CHMLinkItem.m in Sources */,
				C1DA9EFE1CD9688600FE354F /* CHMDocumentFile.m in Sources */,
				C1D4A34D1CDE540E00E94D01 /* CHMKitPrivateInterfaces.m in Sources */,
				C1DA9F031CD9688600FE354F /* CHMITSSURLProtocol.m in Sources */,
				C1DA9F071CD9688600FE354F /* CHMSearchResult.m in Sources */,
			);
			runOnlyForDeploymentPostprocessing = 0;
		};
/* End PBXSourcesBuildPhase section */

/* Begin PBXTargetDependency section */
		C18399681CD007F9009FDCDE /* PBXTargetDependency */ = {
			isa = PBXTargetDependency;
			name = PSMTabBarControlFramework;
			targetProxy = C18399671CD007F9009FDCDE /* PBXContainerItemProxy */;
		};
		C186221D1C8F42C700C1DD80 /* PBXTargetDependency */ = {
			isa = PBXTargetDependency;
			name = CHM.framework;
			targetProxy = C186221C1C8F42C700C1DD80 /* PBXContainerItemProxy */;
		};
		C186223D1C8F573000C1DD80 /* PBXTargetDependency */ = {
			isa = PBXTargetDependency;
			name = CHM.mdimporter;
			targetProxy = C186223C1C8F573000C1DD80 /* PBXContainerItemProxy */;
		};
		C1C31AC81CBDA720000F2B96 /* PBXTargetDependency */ = {
			isa = PBXTargetDependency;
			name = CHM.qlgenerator;
			targetProxy = C1C31AC71CBDA720000F2B96 /* PBXContainerItemProxy */;
		};
		C1DA9EEF1CD9668C00FE354F /* PBXTargetDependency */ = {
			isa = PBXTargetDependency;
			target = C1DA9EE81CD9668C00FE354F /* CHMKit.framework */;
			targetProxy = C1DA9EEE1CD9668C00FE354F /* PBXContainerItemProxy */;
		};
		C1DA9EFC1CD9686700FE354F /* PBXTargetDependency */ = {
			isa = PBXTargetDependency;
			name = CHM.framework;
			targetProxy = C1DA9EFB1CD9686700FE354F /* PBXContainerItemProxy */;
		};
/* End PBXTargetDependency section */

/* Begin PBXVariantGroup section */
		089C165FFE840EACC02AAC07 /* InfoPlist.strings */ = {
			isa = PBXVariantGroup;
			children = (
				089C1660FE840EACC02AAC07 /* English */,
				C36FD4520E48368C00496822 /* German */,
				C36FD4F00E48393000496822 /* zh_CN */,
				90C4D9C50E7DCC23006B2109 /* Dutch */,
			);
			name = InfoPlist.strings;
			sourceTree = "<group>";
		};
		1DDD582A0DA1D0D100B32029 /* MainMenu.xib */ = {
			isa = PBXVariantGroup;
			children = (
				1DDD582B0DA1D0D100B32029 /* English */,
				C36FD41D0E482AFA00496822 /* German */,
				C36FD4F60E483DD900496822 /* zh_CN */,
				C3FF6BAE0E585DCF00F9EBC2 /* Spanish */,
				C38B8E850E627FE600E0DC42 /* zh_TW */,
				90C4D9C10E7DCBBB006B2109 /* Dutch */,
			);
			name = MainMenu.xib;
			sourceTree = "<group>";
		};
		2A37F4B9FDCFA73011CA2CEA /* Credits.rtf */ = {
			isa = PBXVariantGroup;
			children = (
				2A37F4BAFDCFA73011CA2CEA /* English */,
				90C4D9C60E7DCC31006B2109 /* Dutch */,
			);
			name = Credits.rtf;
			sourceTree = "<group>";
		};
		C33A4ADF0E34EA7700277D64 /* CHMDocument.xib */ = {
			isa = PBXVariantGroup;
			children = (
				C33A4AE00E34EA7700277D64 /* English */,
				C36FD41A0E4829B400496822 /* German */,
				C36FD4F50E483DA800496822 /* zh_CN */,
				C3FF6BAD0E585DC300F9EBC2 /* Spanish */,
				C38B8E840E627FDD00E0DC42 /* zh_TW */,
				90C4D9C00E7DCBA8006B2109 /* Dutch */,
			);
			name = CHMDocument.xib;
			sourceTree = "<group>";
		};
		C36FD4230E482D3800496822 /* CHMWebView.xib */ = {
			isa = PBXVariantGroup;
			children = (
				C3AA9B1D0E3EC88600D2FB53 /* English */,
				C36FD4F70E483DE200496822 /* zh_CN */,
				C36FD5840E48513900496822 /* German */,
				C3FF6BAF0E585DD600F9EBC2 /* Spanish */,
				C38B8E860E627FEC00E0DC42 /* zh_TW */,
				90C4D9C20E7DCBDF006B2109 /* Dutch */,
			);
			name = CHMWebView.xib;
			sourceTree = "<group>";
		};
		C36FD52B0E48403F00496822 /* Localizable.strings */ = {
			isa = PBXVariantGroup;
			children = (
				C36FD5290E48403A00496822 /* English */,
				C36FD52D0E48404B00496822 /* zh_CN */,
				C36FD5830E4850F100496822 /* German */,
				C38B8E880E627FFA00E0DC42 /* zh_TW */,
				C38B8EA00E628B8D00E0DC42 /* Spanish */,
				90C4D9C40E7DCC17006B2109 /* Dutch */,
			);
			name = Localizable.strings;
			sourceTree = "<group>";
		};
		C3D2046A0E53EFAF00D5CA58 /* Bookmark.xib */ = {
			isa = PBXVariantGroup;
			children = (
				C33D3B1C0E4F256B00F7B487 /* English */,
				C3D2046C0E53EFB700D5CA58 /* German */,
				C3D2046D0E53EFBA00D5CA58 /* zh_CN */,
				C3FF6BB00E585DDD00F9EBC2 /* Spanish */,
				C38B8E870E627FF300E0DC42 /* zh_TW */,
				90C4D9C30E7DCBFA006B2109 /* Dutch */,
			);
			name = Bookmark.xib;
			sourceTree = "<group>";
		};
/* End PBXVariantGroup section */

/* Begin XCBuildConfiguration section */
		C05733C808A9546B00998B17 /* Debug */ = {
			isa = XCBuildConfiguration;
			buildSettings = {
				ALWAYS_SEARCH_USER_PATHS = NO;
				FRAMEWORK_SEARCH_PATHS = (
					"$(inherited)",
					"\"$(SRCROOT)/Frameworks\"",
					"$(PROJECT_DIR)/Frameworks",
				);
				GCC_DYNAMIC_NO_PIC = NO;
				GCC_ENABLE_FIX_AND_CONTINUE = YES;
				GCC_MODEL_TUNING = G5;
				GCC_OPTIMIZATION_LEVEL = 0;
				GCC_PRECOMPILE_PREFIX_HEADER = YES;
				GCC_PREFIX_HEADER = ichm_Prefix.pch;
				INFOPLIST_FILE = Info.plist;
				LD_RUNPATH_SEARCH_PATHS = "@loader_path/../Frameworks";
				PRODUCT_NAME = iChm;
			};
			name = Debug;
		};
		C05733C908A9546B00998B17 /* Release */ = {
			isa = XCBuildConfiguration;
			buildSettings = {
				ALWAYS_SEARCH_USER_PATHS = NO;
				DEBUG_INFORMATION_FORMAT = "dwarf-with-dsym";
				FRAMEWORK_SEARCH_PATHS = (
					"$(inherited)",
					"\"$(SRCROOT)/Frameworks\"",
					"$(PROJECT_DIR)/Frameworks",
				);
				GCC_MODEL_TUNING = G5;
				GCC_PRECOMPILE_PREFIX_HEADER = YES;
				GCC_PREFIX_HEADER = ichm_Prefix.pch;
				INFOPLIST_FILE = Info.plist;
				LD_RUNPATH_SEARCH_PATHS = "@loader_path/../Frameworks";
				PRODUCT_NAME = iChm;
			};
			name = Release;
		};
		C05733CC08A9546B00998B17 /* Debug */ = {
			isa = XCBuildConfiguration;
			buildSettings = {
				ARCHS = "$(ARCHS_STANDARD_32_64_BIT)";
				COPY_PHASE_STRIP = NO;
				GCC_C_LANGUAGE_STANDARD = c99;
				GCC_OPTIMIZATION_LEVEL = 0;
				GCC_WARN_ABOUT_RETURN_TYPE = YES;
				GCC_WARN_UNUSED_VARIABLE = YES;
				HEADER_SEARCH_PATHS = "";
				MACOSX_DEPLOYMENT_TARGET = 10.6;
				ONLY_ACTIVE_ARCH = YES;
				OTHER_CODE_SIGN_FLAGS = "--deep";
				SDKROOT = macosx;
				STRIP_INSTALLED_PRODUCT = NO;
			};
			name = Debug;
		};
		C05733CD08A9546B00998B17 /* Release */ = {
			isa = XCBuildConfiguration;
			buildSettings = {
				ARCHS = "$(ARCHS_STANDARD_32_64_BIT)";
				COPY_PHASE_STRIP = NO;
				DEPLOYMENT_POSTPROCESSING = YES;
				GCC_C_LANGUAGE_STANDARD = c99;
				GCC_WARN_ABOUT_RETURN_TYPE = YES;
				GCC_WARN_UNUSED_VARIABLE = YES;
				HEADER_SEARCH_PATHS = "";
				MACOSX_DEPLOYMENT_TARGET = 10.6;
				OTHER_CODE_SIGN_FLAGS = "--deep";
				SDKROOT = macosx;
			};
			name = Release;
		};
		C1DA9EF21CD9668C00FE354F /* Debug */ = {
			isa = XCBuildConfiguration;
			buildSettings = {
				ALWAYS_SEARCH_USER_PATHS = NO;
				CLANG_WARN_BOOL_CONVERSION = YES;
				CLANG_WARN_CONSTANT_CONVERSION = YES;
				CLANG_WARN_DIRECT_OBJC_ISA_USAGE = YES_ERROR;
				CLANG_WARN_EMPTY_BODY = YES;
				CLANG_WARN_ENUM_CONVERSION = YES;
				CLANG_WARN_INT_CONVERSION = YES;
				CLANG_WARN_OBJC_ROOT_CLASS = YES_ERROR;
				CLANG_WARN_UNREACHABLE_CODE = YES;
				CLANG_WARN__DUPLICATE_METHOD_MATCH = YES;
				COMBINE_HIDPI_IMAGES = YES;
				DEFINES_MODULE = YES;
				DYLIB_COMPATIBILITY_VERSION = 1.0;
				DYLIB_CURRENT_VERSION = 1.0;
				ENABLE_STRICT_OBJC_MSGSEND = YES;
				ENABLE_TESTABILITY = YES;
				FRAMEWORK_VERSION = A;
				GCC_C_LANGUAGE_STANDARD = gnu99;
				GCC_DYNAMIC_NO_PIC = NO;
				GCC_NO_COMMON_BLOCKS = YES;
				GCC_WARN_64_TO_32_BIT_CONVERSION = YES;
				GCC_WARN_ABOUT_RETURN_TYPE = YES_ERROR;
				GCC_WARN_UNDECLARED_SELECTOR = YES;
				GCC_WARN_UNINITIALIZED_AUTOS = YES_AGGRESSIVE;
				GCC_WARN_UNUSED_FUNCTION = YES;
				HEADER_SEARCH_PATHS = /usr/include/libxml2;
				INFOPLIST_FILE = CHMKit/Info.plist;
				INSTALL_PATH = "@rpath/";
				MTL_ENABLE_DEBUG_INFO = YES;
				OTHER_LDFLAGS = "-lxml2";
				PRODUCT_NAME = CHMKit;
			};
			name = Debug;
		};
		C1DA9EF31CD9668C00FE354F /* Release */ = {
			isa = XCBuildConfiguration;
			buildSettings = {
				ALWAYS_SEARCH_USER_PATHS = NO;
				CLANG_WARN_BOOL_CONVERSION = YES;
				CLANG_WARN_CONSTANT_CONVERSION = YES;
				CLANG_WARN_DIRECT_OBJC_ISA_USAGE = YES_ERROR;
				CLANG_WARN_EMPTY_BODY = YES;
				CLANG_WARN_ENUM_CONVERSION = YES;
				CLANG_WARN_INT_CONVERSION = YES;
				CLANG_WARN_OBJC_ROOT_CLASS = YES_ERROR;
				CLANG_WARN_UNREACHABLE_CODE = YES;
				CLANG_WARN__DUPLICATE_METHOD_MATCH = YES;
				COMBINE_HIDPI_IMAGES = YES;
				DEBUG_INFORMATION_FORMAT = "dwarf-with-dsym";
				DEFINES_MODULE = YES;
				DYLIB_COMPATIBILITY_VERSION = 1.0;
				DYLIB_CURRENT_VERSION = 1.0;
				ENABLE_NS_ASSERTIONS = NO;
				ENABLE_STRICT_OBJC_MSGSEND = YES;
				FRAMEWORK_VERSION = A;
				GCC_C_LANGUAGE_STANDARD = gnu99;
				GCC_NO_COMMON_BLOCKS = YES;
				GCC_WARN_64_TO_32_BIT_CONVERSION = YES;
				GCC_WARN_ABOUT_RETURN_TYPE = YES_ERROR;
				GCC_WARN_UNDECLARED_SELECTOR = YES;
				GCC_WARN_UNINITIALIZED_AUTOS = YES_AGGRESSIVE;
				GCC_WARN_UNUSED_FUNCTION = YES;
				HEADER_SEARCH_PATHS = /usr/include/libxml2;
				INFOPLIST_FILE = CHMKit/Info.plist;
				INSTALL_PATH = "@rpath/";
				MTL_ENABLE_DEBUG_INFO = NO;
				OTHER_LDFLAGS = "-lxml2";
				PRODUCT_NAME = CHMKit;
			};
			name = Release;
		};
/* End XCBuildConfiguration section */

/* Begin XCConfigurationList section */
		C05733C708A9546B00998B17 /* Build configuration list for PBXNativeTarget "iChm" */ = {
			isa = XCConfigurationList;
			buildConfigurations = (
				C05733C808A9546B00998B17 /* Debug */,
				C05733C908A9546B00998B17 /* Release */,
			);
			defaultConfigurationIsVisible = 0;
			defaultConfigurationName = Release;
		};
		C05733CB08A9546B00998B17 /* Build configuration list for PBXProject "ichm" */ = {
			isa = XCConfigurationList;
			buildConfigurations = (
				C05733CC08A9546B00998B17 /* Debug */,
				C05733CD08A9546B00998B17 /* Release */,
			);
			defaultConfigurationIsVisible = 0;
			defaultConfigurationName = Release;
		};
		C1DA9EFA1CD9668C00FE354F /* Build configuration list for PBXNativeTarget "CHMKit.framework" */ = {
			isa = XCConfigurationList;
			buildConfigurations = (
				C1DA9EF21CD9668C00FE354F /* Debug */,
				C1DA9EF31CD9668C00FE354F /* Release */,
			);
			defaultConfigurationIsVisible = 0;
			defaultConfigurationName = Release;
		};
/* End XCConfigurationList section */
	};
	rootObject = 2A37F4A9FDCFA73011CA2CEA /* Project object */;
}
